{
  "name": "outlook-add-in-js-block-on-send",
  "version": "0.1.0",
  "lockfileVersion": 1,
  "requires": true,
  "dependencies": {
    "officejs.dialogs": {
      "version": "1.0.9",
      "resolved": "https://registry.npmjs.org/officejs.dialogs/-/officejs.dialogs-1.0.9.tgz",
      "integrity": "sha512-2izblxH4jEm4lksu2eifEMUd9hUDHa6KaiQUaAP3U5avQU0REdhDfHaXE6I9syQDp6EvEcsAME3FISKVOODGsQ=="
    }
  }
}
